// !$*UTF8*$!
{
	archiveVersion = 1;
	classes = {
	};
	objectVersion = 46;
	objects = {

/* Begin PBXBuildFile section */
		2FDB02621D190B7700EAE4E7 /* main.m in Sources */ = {isa = PBXBuildFile; fileRef = 2FDB02611D190B7700EAE4E7 /* main.m */; };
		2FDB02651D190B7700EAE4E7 /* AppDelegate.m in Sources */ = {isa = PBXBuildFile; fileRef = 2FDB02641D190B7700EAE4E7 /* AppDelegate.m */; };
		2FDB02681D190B7700EAE4E7 /* ViewController.m in Sources */ = {isa = PBXBuildFile; fileRef = 2FDB02671D190B7700EAE4E7 /* ViewController.m */; };
		2FDB026B1D190B7700EAE4E7 /* Main.storyboard in Resources */ = {isa = PBXBuildFile; fileRef = 2FDB02691D190B7700EAE4E7 /* Main.storyboard */; };
		2FDB026D1D190B7700EAE4E7 /* Assets.xcassets in Resources */ = {isa = PBXBuildFile; fileRef = 2FDB026C1D190B7700EAE4E7 /* Assets.xcassets */; };
		2FDB02701D190B7700EAE4E7 /* LaunchScreen.storyboard in Resources */ = {isa = PBXBuildFile; fileRef = 2FDB026E1D190B7700EAE4E7 /* LaunchScreen.storyboard */; };
		2FDB027B1D190B7700EAE4E7 /* DLTextViewDemoTests.m in Sources */ = {isa = PBXBuildFile; fileRef = 2FDB027A1D190B7700EAE4E7 /* DLTextViewDemoTests.m */; };
		2FDB02861D190B7700EAE4E7 /* DLTextViewDemoUITests.m in Sources */ = {isa = PBXBuildFile; fileRef = 2FDB02851D190B7700EAE4E7 /* DLTextViewDemoUITests.m */; };
/* End PBXBuildFile section */

/* Begin PBXContainerItemProxy section */
		2FDB02771D190B7700EAE4E7 /* PBXContainerItemProxy */ = {
			isa = PBXContainerItemProxy;
			containerPortal = 2FDB02551D190B7700EAE4E7 /* Project object */;
			proxyType = 1;
			remoteGlobalIDString = 2FDB025C1D190B7700EAE4E7;
			remoteInfo = DLTextViewDemo;
		};
		2FDB02821D190B7700EAE4E7 /* PBXContainerItemProxy */ = {
			isa = PBXContainerItemProxy;
			containerPortal = 2FDB02551D190B7700EAE4E7 /* Project object */;
			proxyType = 1;
			remoteGlobalIDString = 2FDB025C1D190B7700EAE4E7;
			remoteInfo = DLTextViewDemo;
		};
/* End PBXContainerItemProxy section */

/* Begin PBXFileReference section */
		2FDB025D1D190B7700EAE4E7 /* DLTextViewDemo.app */ = {isa = PBXFileReference; explicitFileType = wrapper.application; includeInIndex = 0; path = DLTextViewDemo.app; sourceTree = BUILT_PRODUCTS_DIR; };
		2FDB02611D190B7700EAE4E7 /* main.m */ = {isa = PBXFileReference; lastKnownFileType = sourcecode.c.objc; path = main.m; sourceTree = "<group>"; };
		2FDB02631D190B7700EAE4E7 /* AppDelegate.h */ = {isa = PBXFileReference; lastKnownFileType = sourcecode.c.h; path = AppDelegate.h; sourceTree = "<group>"; };
		2FDB02641D190B7700EAE4E7 /* AppDelegate.m */ = {isa = PBXFileReference; lastKnownFileType = sourcecode.c.objc; path = AppDelegate.m; sourceTree = "<group>"; };
		2FDB02661D190B7700EAE4E7 /* ViewController.h */ = {isa = PBXFileReference; lastKnownFileType = sourcecode.c.h; path = ViewController.h; sourceTree = "<group>"; };
		2FDB02671D190B7700EAE4E7 /* ViewController.m */ = {isa = PBXFileReference; lastKnownFileType = sourcecode.c.objc; path = ViewController.m; sourceTree = "<group>"; };
		2FDB026A1D190B7700EAE4E7 /* Base */ = {isa = PBXFileReference; lastKnownFileType = file.storyboard; name = Base; path = Base.lproj/Main.storyboard; sourceTree = "<group>"; };
		2FDB026C1D190B7700EAE4E7 /* Assets.xcassets */ = {isa = PBXFileReference; lastKnownFileType = folder.assetcatalog; path = Assets.xcassets; sourceTree = "<group>"; };
		2FDB026F1D190B7700EAE4E7 /* Base */ = {isa = PBXFileReference; lastKnownFileType = file.storyboard; name = Base; path = Base.lproj/LaunchScreen.storyboard; sourceTree = "<group>"; };
		2FDB02711D190B7700EAE4E7 /* Info.plist */ = {isa = PBXFileReference; lastKnownFileType = text.plist.xml; path = Info.plist; sourceTree = "<group>"; };
		2FDB02761D190B7700EAE4E7 /* DLTextViewDemoTests.xctest */ = {isa = PBXFileReference; explicitFileType = wrapper.cfbundle; includeInIndex = 0; path = DLTextViewDemoTests.xctest; sourceTree = BUILT_PRODUCTS_DIR; };
		2FDB027A1D190B7700EAE4E7 /* DLTextViewDemoTests.m */ = {isa = PBXFileReference; lastKnownFileType = sourcecode.c.objc; path = DLTextViewDemoTests.m; sourceTree = "<group>"; };
		2FDB027C1D190B7700EAE4E7 /* Info.plist */ = {isa = PBXFileReference; lastKnownFileType = text.plist.xml; path = Info.plist; sourceTree = "<group>"; };
		2FDB02811D190B7700EAE4E7 /* DLTextViewDemoUITests.xctest */ = {isa = PBXFileReference; explicitFileType = wrapper.cfbundle; includeInIndex = 0; path = DLTextViewDemoUITests.xctest; sourceTree = BUILT_PRODUCTS_DIR; };
		2FDB02851D190B7700EAE4E7 /* DLTextViewDemoUITests.m */ = {isa = PBXFileReference; lastKnownFileType = sourcecode.c.objc; path = DLTextViewDemoUITests.m; sourceTree = "<group>"; };
		2FDB02871D190B7700EAE4E7 /* Info.plist */ = {isa = PBXFileReference; lastKnownFileType = text.plist.xml; path = Info.plist; sourceTree = "<group>"; };
/* End PBXFileReference section */

/* Begin PBXFrameworksBuildPhase section */
		2FDB025A1D190B7700EAE4E7 /* Frameworks */ = {
			isa = PBXFrameworksBuildPhase;
			buildActionMask = 2147483647;
			files = (
			);
			runOnlyForDeploymentPostprocessing = 0;
		};
		2FDB02731D190B7700EAE4E7 /* Frameworks */ = {
			isa = PBXFrameworksBuildPhase;
			buildActionMask = 2147483647;
			files = (
			);
			runOnlyForDeploymentPostprocessing = 0;
		};
		2FDB027E1D190B7700EAE4E7 /* Frameworks */ = {
			isa = PBXFrameworksBuildPhase;
			buildActionMask = 2147483647;
			files = (
			);
			runOnlyForDeploymentPostprocessing = 0;
		};
/* End PBXFrameworksBuildPhase section */

/* Begin PBXGroup section */
		2FDB02541D190B7700EAE4E7 = {
			isa = PBXGroup;
			children = (
				2FDB025F1D190B7700EAE4E7 /* DLTextViewDemo */,
				2FDB02791D190B7700EAE4E7 /* DLTextViewDemoTests */,
				2FDB02841D190B7700EAE4E7 /* DLTextViewDemoUITests */,
				2FDB025E1D190B7700EAE4E7 /* Products */,
			);
			sourceTree = "<group>";
		};
		2FDB025E1D190B7700EAE4E7 /* Products */ = {
			isa = PBXGroup;
			children = (
				2FDB025D1D190B7700EAE4E7 /* DLTextViewDemo.app */,
				2FDB02761D190B7700EAE4E7 /* DLTextViewDemoTests.xctest */,
				2FDB02811D190B7700EAE4E7 /* DLTextViewDemoUITests.xctest */,
			);
			name = Products;
			sourceTree = "<group>";
		};
		2FDB025F1D190B7700EAE4E7 /* DLTextViewDemo */ = {
			isa = PBXGroup;
			children = (
				2FDB02631D190B7700EAE4E7 /* AppDelegate.h */,
				2FDB02641D190B7700EAE4E7 /* AppDelegate.m */,
				2FDB02661D190B7700EAE4E7 /* ViewController.h */,
				2FDB02671D190B7700EAE4E7 /* ViewController.m */,
				2FDB02691D190B7700EAE4E7 /* Main.storyboard */,
				2FDB026C1D190B7700EAE4E7 /* Assets.xcassets */,
				2FDB026E1D190B7700EAE4E7 /* LaunchScreen.storyboard */,
				2FDB02711D190B7700EAE4E7 /* Info.plist */,
				2FDB02601D190B7700EAE4E7 /* Supporting Files */,
			);
			path = DLTextViewDemo;
			sourceTree = "<group>";
		};
		2FDB02601D190B7700EAE4E7 /* Supporting Files */ = {
			isa = PBXGroup;
			children = (
				2FDB02611D190B7700EAE4E7 /* main.m */,
			);
			name = "Supporting Files";
			sourceTree = "<group>";
		};
		2FDB02791D190B7700EAE4E7 /* DLTextViewDemoTests */ = {
			isa = PBXGroup;
			children = (
				2FDB027A1D190B7700EAE4E7 /* DLTextViewDemoTests.m */,
				2FDB027C1D190B7700EAE4E7 /* Info.plist */,
			);
			path = DLTextViewDemoTests;
			sourceTree = "<group>";
		};
		2FDB02841D190B7700EAE4E7 /* DLTextViewDemoUITests */ = {
			isa = PBXGroup;
			children = (
				2FDB02851D190B7700EAE4E7 /* DLTextViewDemoUITests.m */,
				2FDB02871D190B7700EAE4E7 /* Info.plist */,
			);
			path = DLTextViewDemoUITests;
			sourceTree = "<group>";
		};
/* End PBXGroup section */

/* Begin PBXNativeTarget section */
		2FDB025C1D190B7700EAE4E7 /* DLTextViewDemo */ = {
			isa = PBXNativeTarget;
			buildConfigurationList = 2FDB028A1D190B7700EAE4E7 /* Build configuration list for PBXNativeTarget "DLTextViewDemo" */;
			buildPhases = (
				2FDB02591D190B7700EAE4E7 /* Sources */,
				2FDB025A1D190B7700EAE4E7 /* Frameworks */,
				2FDB025B1D190B7700EAE4E7 /* Resources */,
			);
			buildRules = (
			);
			dependencies = (
			);
			name = DLTextViewDemo;
			productName = DLTextViewDemo;
			productReference = 2FDB025D1D190B7700EAE4E7 /* DLTextViewDemo.app */;
			productType = "com.apple.product-type.application";
		};
		2FDB02751D190B7700EAE4E7 /* DLTextViewDemoTests */ = {
			isa = PBXNativeTarget;
			buildConfigurationList = 2FDB028D1D190B7700EAE4E7 /* Build configuration list for PBXNativeTarget "DLTextViewDemoTests" */;
			buildPhases = (
				2FDB02721D190B7700EAE4E7 /* Sources */,
				2FDB02731D190B7700EAE4E7 /* Frameworks */,
				2FDB02741D190B7700EAE4E7 /* Resources */,
			);
			buildRules = (
			);
			dependencies = (
				2FDB02781D190B7700EAE4E7 /* PBXTargetDependency */,
			);
			name = DLTextViewDemoTests;
			productName = DLTextViewDemoTests;
			productReference = 2FDB02761D190B7700EAE4E7 /* DLTextViewDemoTests.xctest */;
			productType = "com.apple.product-type.bundle.unit-test";
		};
		2FDB02801D190B7700EAE4E7 /* DLTextViewDemoUITests */ = {
			isa = PBXNativeTarget;
			buildConfigurationList = 2FDB02901D190B7700EAE4E7 /* Build configuration list for PBXNativeTarget "DLTextViewDemoUITests" */;
			buildPhases = (
				2FDB027D1D190B7700EAE4E7 /* Sources */,
				2FDB027E1D190B7700EAE4E7 /* Frameworks */,
				2FDB027F1D190B7700EAE4E7 /* Resources */,
			);
			buildRules = (
			);
			dependencies = (
				2FDB02831D190B7700EAE4E7 /* PBXTargetDependency */,
			);
			name = DLTextViewDemoUITests;
			productName = DLTextViewDemoUITests;
			productReference = 2FDB02811D190B7700EAE4E7 /* DLTextViewDemoUITests.xctest */;
			productType = "com.apple.product-type.bundle.ui-testing";
		};
/* End PBXNativeTarget section */

/* Begin PBXProject section */
		2FDB02551D190B7700EAE4E7 /* Project object */ = {
			isa = PBXProject;
			attributes = {
				LastUpgradeCheck = 0730;
				ORGANIZATIONNAME = www.visualogies.com;
				TargetAttributes = {
					2FDB025C1D190B7700EAE4E7 = {
						CreatedOnToolsVersion = 7.3.1;
					};
					2FDB02751D190B7700EAE4E7 = {
						CreatedOnToolsVersion = 7.3.1;
						TestTargetID = 2FDB025C1D190B7700EAE4E7;
					};
					2FDB02801D190B7700EAE4E7 = {
						CreatedOnToolsVersion = 7.3.1;
						TestTargetID = 2FDB025C1D190B7700EAE4E7;
					};
				};
			};
			buildConfigurationList = 2FDB02581D190B7700EAE4E7 /* Build configuration list for PBXProject "DLTextViewDemo" */;
			compatibilityVersion = "Xcode 3.2";
			developmentRegion = English;
			hasScannedForEncodings = 0;
			knownRegions = (
				en,
				Base,
			);
			mainGroup = 2FDB02541D190B7700EAE4E7;
			productRefGroup = 2FDB025E1D190B7700EAE4E7 /* Products */;
			projectDirPath = "";
			projectRoot = "";
			targets = (
				2FDB025C1D190B7700EAE4E7 /* DLTextViewDemo */,
				2FDB02751D190B7700EAE4E7 /* DLTextViewDemoTests */,
				2FDB02801D190B7700EAE4E7 /* DLTextViewDemoUITests */,
			);
		};
/* End PBXProject section */

/* Begin PBXResourcesBuildPhase section */
		2FDB025B1D190B7700EAE4E7 /* Resources */ = {
			isa = PBXResourcesBuildPhase;
			buildActionMask = 2147483647;
			files = (
				2FDB02701D190B7700EAE4E7 /* LaunchScreen.storyboard in Resources */,
				2FDB026D1D190B7700EAE4E7 /* Assets.xcassets in Resources */,
				2FDB026B1D190B7700EAE4E7 /* Main.storyboard in Resources */,
			);
			runOnlyForDeploymentPostprocessing = 0;
		};
		2FDB02741D190B7700EAE4E7 /* Resources */ = {
			isa = PBXResourcesBuildPhase;
			buildActionMask = 2147483647;
			files = (
			);
			runOnlyForDeploymentPostprocessing = 0;
		};
		2FDB027F1D190B7700EAE4E7 /* Resources */ = {
			isa = PBXResourcesBuildPhase;
			buildActionMask = 2147483647;
			files = (
			);
			runOnlyForDeploymentPostprocessing = 0;
		};
/* End PBXResourcesBuildPhase section */

/* Begin PBXSourcesBuildPhase section */
		2FDB02591D190B7700EAE4E7 /* Sources */ = {
			isa = PBXSourcesBuildPhase;
			buildActionMask = 2147483647;
			files = (
				2FDB02681D190B7700EAE4E7 /* ViewController.m in Sources */,
				2FDB02651D190B7700EAE4E7 /* AppDelegate.m in Sources */,
				2FDB02621D190B7700EAE4E7 /* main.m in Sources */,
			);
			runOnlyForDeploymentPostprocessing = 0;
		};
		2FDB02721D190B7700EAE4E7 /* Sources */ = {
			isa = PBXSourcesBuildPhase;
			buildActionMask = 2147483647;
			files = (
				2FDB027B1D190B7700EAE4E7 /* DLTextViewDemoTests.m in Sources */,
			);
			runOnlyForDeploymentPostprocessing = 0;
		};
		2FDB027D1D190B7700EAE4E7 /* Sources */ = {
			isa = PBXSourcesBuildPhase;
			buildActionMask = 2147483647;
			files = (
				2FDB02861D190B7700EAE4E7 /* DLTextViewDemoUITests.m in Sources */,
			);
			runOnlyForDeploymentPostprocessing = 0;
		};
/* End PBXSourcesBuildPhase section */

/* Begin PBXTargetDependency section */
		2FDB02781D190B7700EAE4E7 /* PBXTargetDependency */ = {
			isa = PBXTargetDependency;
			target = 2FDB025C1D190B7700EAE4E7 /* DLTextViewDemo */;
			targetProxy = 2FDB02771D190B7700EAE4E7 /* PBXContainerItemProxy */;
		};
		2FDB02831D190B7700EAE4E7 /* PBXTargetDependency */ = {
			isa = PBXTargetDependency;
			target = 2FDB025C1D190B7700EAE4E7 /* DLTextViewDemo */;
			targetProxy = 2FDB02821D190B7700EAE4E7 /* PBXContainerItemProxy */;
		};
/* End PBXTargetDependency section */

/* Begin PBXVariantGroup section */
		2FDB02691D190B7700EAE4E7 /* Main.storyboard */ = {
			isa = PBXVariantGroup;
			children = (
				2FDB026A1D190B7700EAE4E7 /* Base */,
			);
			name = Main.storyboard;
			sourceTree = "<group>";
		};
		2FDB026E1D190B7700EAE4E7 /* LaunchScreen.storyboard */ = {
			isa = PBXVariantGroup;
			children = (
				2FDB026F1D190B7700EAE4E7 /* Base */,
			);
			name = LaunchScreen.storyboard;
			sourceTree = "<group>";
		};
/* End PBXVariantGroup section */

/* Begin XCBuildConfiguration section */
		2FDB02881D190B7700EAE4E7 /* Debug */ = {
			isa = XCBuildConfiguration;
			buildSettings = {
				ALWAYS_SEARCH_USER_PATHS = NO;
				CLANG_ANALYZER_NONNULL = YES;
				CLANG_CXX_LANGUAGE_STANDARD = "gnu++0x";
				CLANG_CXX_LIBRARY = "libc++";
				CLANG_ENABLE_MODULES = YES;
				CLANG_ENABLE_OBJC_ARC = YES;
				CLANG_WARN_BOOL_CONVERSION = YES;
				CLANG_WARN_CONSTANT_CONVERSION = YES;
				CLANG_WARN_DIRECT_OBJC_ISA_USAGE = YES_ERROR;
				CLANG_WARN_EMPTY_BODY = YES;
				CLANG_WARN_ENUM_CONVERSION = YES;
				CLANG_WARN_INT_CONVERSION = YES;
				CLANG_WARN_OBJC_ROOT_CLASS = YES_ERROR;
				CLANG_WARN_UNREACHABLE_CODE = YES;
				CLANG_WARN__DUPLICATE_METHOD_MATCH = YES;
				"CODE_SIGN_IDENTITY[sdk=iphoneos*]" = "iPhone Developer";
				COPY_PHASE_STRIP = NO;
				DEBUG_INFORMATION_FORMAT = dwarf;
				ENABLE_STRICT_OBJC_MSGSEND = YES;
				ENABLE_TESTABILITY = YES;
				GCC_C_LANGUAGE_STANDARD = gnu99;
				GCC_DYNAMIC_NO_PIC = NO;
				GCC_NO_COMMON_BLOCKS = YES;
				GCC_OPTIMIZATION_LEVEL = 0;
				GCC_PREPROCESSOR_DEFINITIONS = (
					"DEBUG=1",
					"$(inherited)",
				);
				GCC_WARN_64_TO_32_BIT_CONVERSION = YES;
				GCC_WARN_ABOUT_RETURN_TYPE = YES_ERROR;
				GCC_WARN_UNDECLARED_SELECTOR = YES;
				GCC_WARN_UNINITIALIZED_AUTOS = YES_AGGRESSIVE;
				GCC_WARN_UNUSED_FUNCTION = YES;
				GCC_WARN_UNUSED_VARIABLE = YES;
				IPHONEOS_DEPLOYMENT_TARGET = 9.3;
				MTL_ENABLE_DEBUG_INFO = YES;
				ONLY_ACTIVE_ARCH = YES;
				SDKROOT = iphoneos;
				TARGETED_DEVICE_FAMILY = "1,2";
			};
			name = Debug;
		};
		2FDB02891D190B7700EAE4E7 /* Release */ = {
			isa = XCBuildConfiguration;
			buildSettings = {
				ALWAYS_SEARCH_USER_PATHS = NO;
				CLANG_ANALYZER_NONNULL = YES;
				CLANG_CXX_LANGUAGE_STANDARD = "gnu++0x";
				CLANG_CXX_LIBRARY = "libc++";
				CLANG_ENABLE_MODULES = YES;
				CLANG_ENABLE_OBJC_ARC = YES;
				CLANG_WARN_BOOL_CONVERSION = YES;
				CLANG_WARN_CONSTANT_CONVERSION = YES;
				CLANG_WARN_DIRECT_OBJC_ISA_USAGE = YES_ERROR;
				CLANG_WARN_EMPTY_BODY = YES;
				CLANG_WARN_ENUM_CONVERSION = YES;
				CLANG_WARN_INT_CONVERSION = YES;
				CLANG_WARN_OBJC_ROOT_CLASS = YES_ERROR;
				CLANG_WARN_UNREACHABLE_CODE = YES;
				CLANG_WARN__DUPLICATE_METHOD_MATCH = YES;
				"CODE_SIGN_IDENTITY[sdk=iphoneos*]" = "iPhone Developer";
				COPY_PHASE_STRIP = NO;
				DEBUG_INFORMATION_FORMAT = "dwarf-with-dsym";
				ENABLE_NS_ASSERTIONS = NO;
				ENABLE_STRICT_OBJC_MSGSEND = YES;
				GCC_C_LANGUAGE_STANDARD = gnu99;
				GCC_NO_COMMON_BLOCKS = YES;
				GCC_WARN_64_TO_32_BIT_CONVERSION = YES;
				GCC_WARN_ABOUT_RETURN_TYPE = YES_ERROR;
				GCC_WARN_UNDECLARED_SELECTOR = YES;
				GCC_WARN_UNINITIALIZED_AUTOS = YES_AGGRESSIVE;
				GCC_WARN_UNUSED_FUNCTION = YES;
				GCC_WARN_UNUSED_VARIABLE = YES;
				IPHONEOS_DEPLOYMENT_TARGET = 9.3;
				MTL_ENABLE_DEBUG_INFO = NO;
				SDKROOT = iphoneos;
				TARGETED_DEVICE_FAMILY = "1,2";
				VALIDATE_PRODUCT = YES;
			};
			name = Release;
		};
		2FDB028B1D190B7700EAE4E7 /* Debug */ = {
			isa = XCBuildConfiguration;
			buildSettings = {
				ASSETCATALOG_COMPILER_APPICON_NAME = AppIcon;
				INFOPLIST_FILE = DLTextViewDemo/Info.plist;
				LD_RUNPATH_SEARCH_PATHS = "$(inherited) @executable_path/Frameworks";
				PRODUCT_BUNDLE_IDENTIFIER = com.visualogies.DLTextViewDemo;
				PRODUCT_NAME = "$(TARGET_NAME)";
			};
			name = Debug;
		};
		2FDB028C1D190B7700EAE4E7 /* Release */ = {
			isa = XCBuildConfiguration;
			buildSettings = {
				ASSETCATALOG_COMPILER_APPICON_NAME = AppIcon;
				INFOPLIST_FILE = DLTextViewDemo/Info.plist;
				LD_RUNPATH_SEARCH_PATHS = "$(inherited) @executable_path/Frameworks";
				PRODUCT_BUNDLE_IDENTIFIER = com.visualogies.DLTextViewDemo;
				PRODUCT_NAME = "$(TARGET_NAME)";
			};
			name = Release;
		};
		2FDB028E1D190B7700EAE4E7 /* Debug */ = {
			isa = XCBuildConfiguration;
			buildSettings = {
				BUNDLE_LOADER = "$(TEST_HOST)";
				INFOPLIST_FILE = DLTextViewDemoTests/Info.plist;
				LD_RUNPATH_SEARCH_PATHS = "$(inherited) @executable_path/Frameworks @loader_path/Frameworks";
				PRODUCT_BUNDLE_IDENTIFIER = com.visualogies.DLTextViewDemoTests;
				PRODUCT_NAME = "$(TARGET_NAME)";
				TEST_HOST = "$(BUILT_PRODUCTS_DIR)/DLTextViewDemo.app/DLTextViewDemo";
			};
			name = Debug;
		};
		2FDB028F1D190B7700EAE4E7 /* Release */ = {
			isa = XCBuildConfiguration;
			buildSettings = {
				BUNDLE_LOADER = "$(TEST_HOST)";
				INFOPLIST_FILE = DLTextViewDemoTests/Info.plist;
				LD_RUNPATH_SEARCH_PATHS = "$(inherited) @executable_path/Frameworks @loader_path/Frameworks";
				PRODUCT_BUNDLE_IDENTIFIER = com.visualogies.DLTextViewDemoTests;
				PRODUCT_NAME = "$(TARGET_NAME)";
				TEST_HOST = "$(BUILT_PRODUCTS_DIR)/DLTextViewDemo.app/DLTextViewDemo";
			};
			name = Release;
		};
		2FDB02911D190B7700EAE4E7 /* Debug */ = {
			isa = XCBuildConfiguration;
			buildSettings = {
				INFOPLIST_FILE = DLTextViewDemoUITests/Info.plist;
				LD_RUNPATH_SEARCH_PATHS = "$(inherited) @executable_path/Frameworks @loader_path/Frameworks";
				PRODUCT_BUNDLE_IDENTIFIER = com.visualogies.DLTextViewDemoUITests;
				PRODUCT_NAME = "$(TARGET_NAME)";
				TEST_TARGET_NAME = DLTextViewDemo;
			};
			name = Debug;
		};
		2FDB02921D190B7700EAE4E7 /* Release */ = {
			isa = XCBuildConfiguration;
			buildSettings = {
				INFOPLIST_FILE = DLTextViewDemoUITests/Info.plist;
				LD_RUNPATH_SEARCH_PATHS = "$(inherited) @executable_path/Frameworks @loader_path/Frameworks";
				PRODUCT_BUNDLE_IDENTIFIER = com.visualogies.DLTextViewDemoUITests;
				PRODUCT_NAME = "$(TARGET_NAME)";
				TEST_TARGET_NAME = DLTextViewDemo;
			};
			name = Release;
		};
/* End XCBuildConfiguration section */

/* Begin XCConfigurationList section */
		2FDB02581D190B7700EAE4E7 /* Build configuration list for PBXProject "DLTextViewDemo" */ = {
			isa = XCConfigurationList;
			buildConfigurations = (
				2FDB02881D190B7700EAE4E7 /* Debug */,
				2FDB02891D190B7700EAE4E7 /* Release */,
			);
			defaultConfigurationIsVisible = 0;
			defaultConfigurationName = Release;
		};
		2FDB028A1D190B7700EAE4E7 /* Build configuration list for PBXNativeTarget "DLTextViewDemo" */ = {
			isa = XCConfigurationList;
			buildConfigurations = (
				2FDB028B1D190B7700EAE4E7 /* Debug */,
				2FDB028C1D190B7700EAE4E7 /* Release */,
			);
			defaultConfigurationIsVisible = 0;
		};
		2FDB028D1D190B7700EAE4E7 /* Build configuration list for PBXNativeTarget "DLTextViewDemoTests" */ = {
			isa = XCConfigurationList;
			buildConfigurations = (
				2FDB028E1D190B7700EAE4E7 /* Debug */,
				2FDB028F1D190B7700EAE4E7 /* Release */,
			);
			defaultConfigurationIsVisible = 0;
		};
		2FDB02901D190B7700EAE4E7 /* Build configuration list for PBXNativeTarget "DLTextViewDemoUITests" */ = {
			isa = XCConfigurationList;
			buildConfigurations = (
				2FDB02911D190B7700EAE4E7 /* Debug */,
				2FDB02921D190B7700EAE4E7 /* Release */,
			);
			defaultConfigurationIsVisible = 0;
		};
/* End XCConfigurationList section */
	};
	rootObject = 2FDB02551D190B7700EAE4E7 /* Project object */;
}
